{
  "name": "light",
  "version": "1.0.0",
  "lockfileVersion": 1,
  "requires": true,
  "dependencies": {
    "case-sensitive-paths-webpack-plugin": {
      "version": "2.1.2",
      "resolved": "https://registry.npmjs.org/case-sensitive-paths-webpack-plugin/-/case-sensitive-paths-webpack-plugin-2.1.2.tgz",
      "integrity": "sha512-oEZgAFfEvKtjSRCu6VgYkuGxwrWXMnQzyBmlLPP7r6PWQVtHxP5Z5N6XsuJvtoVax78am/r7lr46bwo3IVEBOg==",
      "dev": true
    }
  }
}
